
Microsoft Visual Studio Solution File, Format Version 12.00
# Visual Studio 15
VisualStudioVersion = 15.0.26228.4
MinimumVisualStudioVersion = 10.0.40219.1
Project("{FAE04EC0-301F-11D3-BF4B-00C04F79EFBC}") = "XO.Android", "XO\XO.Android\XO.Android.csproj", "{E2B42070-8EB0-4B42-8D50-11240E2229F5}"
EndProject
Project("{FAE04EC0-301F-11D3-BF4B-00C04F79EFBC}") = "XO", "XO\XO\XO.csproj", "{FB8317B2-E70A-4BD7-B11D-537C79900856}"
EndProject
Project("{FAE04EC0-301F-11D3-BF4B-00C04F79EFBC}") = "XO.UWP", "XO\XO.UWP\XO.UWP.csproj", "{DA35411F-9A0A-4E88-94D7-CA51C2628EFA}"
EndProject
Project("{FAE04EC0-301F-11D3-BF4B-00C04F79EFBC}") = "XO.iOS", "XO\XO.iOS\XO.iOS.csproj", "{31A38A14-5B83-46CE-A051-2EC9DF056EF2}"
EndProject
Project("{2150E333-8FDC-42A3-9474-1A3956D46DE8}") = "Solution Items", "Solution Items", "{CC74021B-5C41-4986-B4E8-418DB0EB0AD4}"
EndProject
Global
	GlobalSection(SolutionConfigurationPlatforms) = preSolution
		Ad-Hoc|Any CPU = Ad-Hoc|Any CPU
		Ad-Hoc|ARM = Ad-Hoc|ARM
		Ad-Hoc|iPhone = Ad-Hoc|iPhone
		Ad-Hoc|iPhoneSimulator = Ad-Hoc|iPhoneSimulator
		Ad-Hoc|x64 = Ad-Hoc|x64
		Ad-Hoc|x86 = Ad-Hoc|x86
		AppStore|Any CPU = AppStore|Any CPU
		AppStore|ARM = AppStore|ARM
		AppStore|iPhone = AppStore|iPhone
		AppStore|iPhoneSimulator = AppStore|iPhoneSimulator
		AppStore|x64 = AppStore|x64
		AppStore|x86 = AppStore|x86
		Debug|Any CPU = Debug|Any CPU
		Debug|ARM = Debug|ARM
		Debug|iPhone = Debug|iPhone
		Debug|iPhoneSimulator = Debug|iPhoneSimulator
		Debug|x64 = Debug|x64
		Debug|x86 = Debug|x86
		Release|Any CPU = Release|Any CPU
		Release|ARM = Release|ARM
		Release|iPhone = Release|iPhone
		Release|iPhoneSimulator = Release|iPhoneSimulator
		Release|x64 = Release|x64
		Release|x86 = Release|x86
	EndGlobalSection
	GlobalSection(ProjectConfigurationPlatforms) = postSolution
		{E2B42070-8EB0-4B42-8D50-11240E2229F5}.Ad-Hoc|Any CPU.ActiveCfg = Release|Any CPU
		{E2B42070-8EB0-4B42-8D50-11240E2229F5}.Ad-Hoc|Any CPU.Build.0 = Release|Any CPU
		{E2B42070-8EB0-4B42-8D50-11240E2229F5}.Ad-Hoc|Any CPU.Deploy.0 = Release|Any CPU
		{E2B42070-8EB0-4B42-8D50-11240E2229F5}.Ad-Hoc|ARM.ActiveCfg = Release|Any CPU
		{E2B42070-8EB0-4B42-8D50-11240E2229F5}.Ad-Hoc|ARM.Build.0 = Release|Any CPU
		{E2B42070-8EB0-4B42-8D50-11240E2229F5}.Ad-Hoc|ARM.Deploy.0 = Release|Any CPU
		{E2B42070-8EB0-4B42-8D50-11240E2229F5}.Ad-Hoc|iPhone.ActiveCfg = Release|Any CPU
		{E2B42070-8EB0-4B42-8D50-11240E2229F5}.Ad-Hoc|iPhone.Build.0 = Release|Any CPU
		{E2B42070-8EB0-4B42-8D50-11240E2229F5}.Ad-Hoc|iPhone.Deploy.0 = Release|Any CPU
		{E2B42070-8EB0-4B42-8D50-11240E2229F5}.Ad-Hoc|iPhoneSimulator.ActiveCfg = Release|Any CPU
		{E2B42070-8EB0-4B42-8D50-11240E2229F5}.Ad-Hoc|iPhoneSimulator.Build.0 = Release|Any CPU
		{E2B42070-8EB0-4B42-8D50-11240E2229F5}.Ad-Hoc|iPhoneSimulator.Deploy.0 = Release|Any CPU
		{E2B42070-8EB0-4B42-8D50-11240E2229F5}.Ad-Hoc|x64.ActiveCfg = Release|Any CPU
		{E2B42070-8EB0-4B42-8D50-11240E2229F5}.Ad-Hoc|x64.Build.0 = Release|Any CPU
		{E2B42070-8EB0-4B42-8D50-11240E2229F5}.Ad-Hoc|x64.Deploy.0 = Release|Any CPU
		{E2B42070-8EB0-4B42-8D50-11240E2229F5}.Ad-Hoc|x86.ActiveCfg = Release|Any CPU
		{E2B42070-8EB0-4B42-8D50-11240E2229F5}.Ad-Hoc|x86.Build.0 = Release|Any CPU
		{E2B42070-8EB0-4B42-8D50-11240E2229F5}.Ad-Hoc|x86.Deploy.0 = Release|Any CPU
		{E2B42070-8EB0-4B42-8D50-11240E2229F5}.AppStore|Any CPU.ActiveCfg = Release|Any CPU
		{E2B42070-8EB0-4B42-8D50-11240E2229F5}.AppStore|Any CPU.Build.0 = Release|Any CPU
		{E2B42070-8EB0-4B42-8D50-11240E2229F5}.AppStore|Any CPU.Deploy.0 = Release|Any CPU
		{E2B42070-8EB0-4B42-8D50-11240E2229F5}.AppStore|ARM.ActiveCfg = Release|Any CPU
		{E2B42070-8EB0-4B42-8D50-11240E2229F5}.AppStore|ARM.Build.0 = Release|Any CPU
		{E2B42070-8EB0-4B42-8D50-11240E2229F5}.AppStore|ARM.Deploy.0 = Release|Any CPU
		{E2B42070-8EB0-4B42-8D50-11240E2229F5}.AppStore|iPhone.ActiveCfg = Release|Any CPU
		{E2B42070-8EB0-4B42-8D50-11240E2229F5}.AppStore|iPhone.Build.0 = Release|Any CPU
		{E2B42070-8EB0-4B42-8D50-11240E2229F5}.AppStore|iPhone.Deploy.0 = Release|Any CPU
		{E2B42070-8EB0-4B42-8D50-11240E2229F5}.AppStore|iPhoneSimulator.ActiveCfg = Release|Any CPU
		{E2B42070-8EB0-4B42-8D50-11240E2229F5}.AppStore|iPhoneSimulator.Build.0 = Release|Any CPU
		{E2B42070-8EB0-4B42-8D50-11240E2229F5}.AppStore|iPhoneSimulator.Deploy.0 = Release|Any CPU
		{E2B42070-8EB0-4B42-8D50-11240E2229F5}.AppStore|x64.ActiveCfg = Release|Any CPU
		{E2B42070-8EB0-4B42-8D50-11240E2229F5}.AppStore|x64.Build.0 = Release|Any CPU
		{E2B42070-8EB0-4B42-8D50-11240E2229F5}.AppStore|x64.Deploy.0 = Release|Any CPU
		{E2B42070-8EB0-4B42-8D50-11240E2229F5}.AppStore|x86.ActiveCfg = Release|Any CPU
		{E2B42070-8EB0-4B42-8D50-11240E2229F5}.AppStore|x86.Build.0 = Release|Any CPU
		{E2B42070-8EB0-4B42-8D50-11240E2229F5}.AppStore|x86.Deploy.0 = Release|Any CPU
		{E2B42070-8EB0-4B42-8D50-11240E2229F5}.Debug|Any CPU.ActiveCfg = Debug|Any CPU
		{E2B42070-8EB0-4B42-8D50-11240E2229F5}.Debug|Any CPU.Build.0 = Debug|Any CPU
		{E2B42070-8EB0-4B42-8D50-11240E2229F5}.Debug|Any CPU.Deploy.0 = Debug|Any CPU
		{E2B42070-8EB0-4B42-8D50-11240E2229F5}.Debug|ARM.ActiveCfg = Debug|Any CPU
		{E2B42070-8EB0-4B42-8D50-11240E2229F5}.Debug|ARM.Build.0 = Debug|Any CPU
		{E2B42070-8EB0-4B42-8D50-11240E2229F5}.Debug|ARM.Deploy.0 = Debug|Any CPU
		{E2B42070-8EB0-4B42-8D50-11240E2229F5}.Debug|iPhone.ActiveCfg = Debug|Any CPU
		{E2B42070-8EB0-4B42-8D50-11240E2229F5}.Debug|iPhone.Build.0 = Debug|Any CPU
		{E2B42070-8EB0-4B42-8D50-11240E2229F5}.Debug|iPhone.Deploy.0 = Debug|Any CPU
		{E2B42070-8EB0-4B42-8D50-11240E2229F5}.Debug|iPhoneSimulator.ActiveCfg = Debug|Any CPU
		{E2B42070-8EB0-4B42-8D50-11240E2229F5}.Debug|iPhoneSimulator.Build.0 = Debug|Any CPU
		{E2B42070-8EB0-4B42-8D50-11240E2229F5}.Debug|iPhoneSimulator.Deploy.0 = Debug|Any CPU
		{E2B42070-8EB0-4B42-8D50-11240E2229F5}.Debug|x64.ActiveCfg = Debug|Any CPU
		{E2B42070-8EB0-4B42-8D50-11240E2229F5}.Debug|x64.Build.0 = Debug|Any CPU
		{E2B42070-8EB0-4B42-8D50-11240E2229F5}.Debug|x64.Deploy.0 = Debug|Any CPU
		{E2B42070-8EB0-4B42-8D50-11240E2229F5}.Debug|x86.ActiveCfg = Debug|Any CPU
		{E2B42070-8EB0-4B42-8D50-11240E2229F5}.Debug|x86.Build.0 = Debug|Any CPU
		{E2B42070-8EB0-4B42-8D50-11240E2229F5}.Debug|x86.Deploy.0 = Debug|Any CPU
		{E2B42070-8EB0-4B42-8D50-11240E2229F5}.Release|Any CPU.ActiveCfg = Release|Any CPU
		{E2B42070-8EB0-4B42-8D50-11240E2229F5}.Release|Any CPU.Build.0 = Release|Any CPU
		{E2B42070-8EB0-4B42-8D50-11240E2229F5}.Release|Any CPU.Deploy.0 = Release|Any CPU
		{E2B42070-8EB0-4B42-8D50-11240E2229F5}.Release|ARM.ActiveCfg = Release|Any CPU
		{E2B42070-8EB0-4B42-8D50-11240E2229F5}.Release|ARM.Build.0 = Release|Any CPU
		{E2B42070-8EB0-4B42-8D50-11240E2229F5}.Release|ARM.Deploy.0 = Release|Any CPU
		{E2B42070-8EB0-4B42-8D50-11240E2229F5}.Release|iPhone.ActiveCfg = Release|Any CPU
		{E2B42070-8EB0-4B42-8D50-11240E2229F5}.Release|iPhone.Build.0 = Release|Any CPU
		{E2B42070-8EB0-4B42-8D50-11240E2229F5}.Release|iPhone.Deploy.0 = Release|Any CPU
		{E2B42070-8EB0-4B42-8D50-11240E2229F5}.Release|iPhoneSimulator.ActiveCfg = Release|Any CPU
		{E2B42070-8EB0-4B42-8D50-11240E2229F5}.Release|iPhoneSimulator.Build.0 = Release|Any CPU
		{E2B42070-8EB0-4B42-8D50-11240E2229F5}.Release|iPhoneSimulator.Deploy.0 = Release|Any CPU
		{E2B42070-8EB0-4B42-8D50-11240E2229F5}.Release|x64.ActiveCfg = Release|Any CPU
		{E2B42070-8EB0-4B42-8D50-11240E2229F5}.Release|x64.Build.0 = Release|Any CPU
		{E2B42070-8EB0-4B42-8D50-11240E2229F5}.Release|x64.Deploy.0 = Release|Any CPU
		{E2B42070-8EB0-4B42-8D50-11240E2229F5}.Release|x86.ActiveCfg = Release|Any CPU
		{E2B42070-8EB0-4B42-8D50-11240E2229F5}.Release|x86.Build.0 = Release|Any CPU
		{E2B42070-8EB0-4B42-8D50-11240E2229F5}.Release|x86.Deploy.0 = Release|Any CPU
		{FB8317B2-E70A-4BD7-B11D-537C79900856}.Ad-Hoc|Any CPU.ActiveCfg = Release|Any CPU
		{FB8317B2-E70A-4BD7-B11D-537C79900856}.Ad-Hoc|Any CPU.Build.0 = Release|Any CPU
		{FB8317B2-E70A-4BD7-B11D-537C79900856}.Ad-Hoc|ARM.ActiveCfg = Release|Any CPU
		{FB8317B2-E70A-4BD7-B11D-537C79900856}.Ad-Hoc|ARM.Build.0 = Release|Any CPU
		{FB8317B2-E70A-4BD7-B11D-537C79900856}.Ad-Hoc|iPhone.ActiveCfg = Release|Any CPU
		{FB8317B2-E70A-4BD7-B11D-537C79900856}.Ad-Hoc|iPhone.Build.0 = Release|Any CPU
		{FB8317B2-E70A-4BD7-B11D-537C79900856}.Ad-Hoc|iPhoneSimulator.ActiveCfg = Release|Any CPU
		{FB8317B2-E70A-4BD7-B11D-537C79900856}.Ad-Hoc|iPhoneSimulator.Build.0 = Release|Any CPU
		{FB8317B2-E70A-4BD7-B11D-537C79900856}.Ad-Hoc|x64.ActiveCfg = Release|Any CPU
		{FB8317B2-E70A-4BD7-B11D-537C79900856}.Ad-Hoc|x64.Build.0 = Release|Any CPU
		{FB8317B2-E70A-4BD7-B11D-537C79900856}.Ad-Hoc|x86.ActiveCfg = Release|Any CPU
		{FB8317B2-E70A-4BD7-B11D-537C79900856}.Ad-Hoc|x86.Build.0 = Release|Any CPU
		{FB8317B2-E70A-4BD7-B11D-537C79900856}.AppStore|Any CPU.ActiveCfg = Release|Any CPU
		{FB8317B2-E70A-4BD7-B11D-537C79900856}.AppStore|Any CPU.Build.0 = Release|Any CPU
		{FB8317B2-E70A-4BD7-B11D-537C79900856}.AppStore|ARM.ActiveCfg = Release|Any CPU
		{FB8317B2-E70A-4BD7-B11D-537C79900856}.AppStore|ARM.Build.0 = Release|Any CPU
		{FB8317B2-E70A-4BD7-B11D-537C79900856}.AppStore|iPhone.ActiveCfg = Release|Any CPU
		{FB8317B2-E70A-4BD7-B11D-537C79900856}.AppStore|iPhone.Build.0 = Release|Any CPU
		{FB8317B2-E70A-4BD7-B11D-537C79900856}.AppStore|iPhoneSimulator.ActiveCfg = Release|Any CPU
		{FB8317B2-E70A-4BD7-B11D-537C79900856}.AppStore|iPhoneSimulator.Build.0 = Release|Any CPU
		{FB8317B2-E70A-4BD7-B11D-537C79900856}.AppStore|x64.ActiveCfg = Release|Any CPU
		{FB8317B2-E70A-4BD7-B11D-537C79900856}.AppStore|x64.Build.0 = Release|Any CPU
		{FB8317B2-E70A-4BD7-B11D-537C79900856}.AppStore|x86.ActiveCfg = Release|Any CPU
		{FB8317B2-E70A-4BD7-B11D-537C79900856}.AppStore|x86.Build.0 = Release|Any CPU
		{FB8317B2-E70A-4BD7-B11D-537C79900856}.Debug|Any CPU.ActiveCfg = Debug|Any CPU
		{FB8317B2-E70A-4BD7-B11D-537C79900856}.Debug|Any CPU.Build.0 = Debug|Any CPU
		{FB8317B2-E70A-4BD7-B11D-537C79900856}.Debug|ARM.ActiveCfg = Debug|Any CPU
		{FB8317B2-E70A-4BD7-B11D-537C79900856}.Debug|ARM.Build.0 = Debug|Any CPU
		{FB8317B2-E70A-4BD7-B11D-537C79900856}.Debug|iPhone.ActiveCfg = Debug|Any CPU
		{FB8317B2-E70A-4BD7-B11D-537C79900856}.Debug|iPhone.Build.0 = Debug|Any CPU
		{FB8317B2-E70A-4BD7-B11D-537C79900856}.Debug|iPhoneSimulator.ActiveCfg = Debug|Any CPU
		{FB8317B2-E70A-4BD7-B11D-537C79900856}.Debug|iPhoneSimulator.Build.0 = Debug|Any CPU
		{FB8317B2-E70A-4BD7-B11D-537C79900856}.Debug|x64.ActiveCfg = Debug|Any CPU
		{FB8317B2-E70A-4BD7-B11D-537C79900856}.Debug|x64.Build.0 = Debug|Any CPU
		{FB8317B2-E70A-4BD7-B11D-537C79900856}.Debug|x86.ActiveCfg = Debug|Any CPU
		{FB8317B2-E70A-4BD7-B11D-537C79900856}.Debug|x86.Build.0 = Debug|Any CPU
		{FB8317B2-E70A-4BD7-B11D-537C79900856}.Release|Any CPU.ActiveCfg = Release|Any CPU
		{FB8317B2-E70A-4BD7-B11D-537C79900856}.Release|Any CPU.Build.0 = Release|Any CPU
		{FB8317B2-E70A-4BD7-B11D-537C79900856}.Release|ARM.ActiveCfg = Release|Any CPU
		{FB8317B2-E70A-4BD7-B11D-537C79900856}.Release|ARM.Build.0 = Release|Any CPU
		{FB8317B2-E70A-4BD7-B11D-537C79900856}.Release|iPhone.ActiveCfg = Release|Any CPU
		{FB8317B2-E70A-4BD7-B11D-537C79900856}.Release|iPhone.Build.0 = Release|Any CPU
		{FB8317B2-E70A-4BD7-B11D-537C79900856}.Release|iPhoneSimulator.ActiveCfg = Release|Any CPU
		{FB8317B2-E70A-4BD7-B11D-537C79900856}.Release|iPhoneSimulator.Build.0 = Release|Any CPU
		{FB8317B2-E70A-4BD7-B11D-537C79900856}.Release|x64.ActiveCfg = Release|Any CPU
		{FB8317B2-E70A-4BD7-B11D-537C79900856}.Release|x64.Build.0 = Release|Any CPU
		{FB8317B2-E70A-4BD7-B11D-537C79900856}.Release|x86.ActiveCfg = Release|Any CPU
		{FB8317B2-E70A-4BD7-B11D-537C79900856}.Release|x86.Build.0 = Release|Any CPU
		{DA35411F-9A0A-4E88-94D7-CA51C2628EFA}.Ad-Hoc|Any CPU.ActiveCfg = Release|x86
		{DA35411F-9A0A-4E88-94D7-CA51C2628EFA}.Ad-Hoc|Any CPU.Build.0 = Release|x86
		{DA35411F-9A0A-4E88-94D7-CA51C2628EFA}.Ad-Hoc|Any CPU.Deploy.0 = Release|x86
		{DA35411F-9A0A-4E88-94D7-CA51C2628EFA}.Ad-Hoc|ARM.ActiveCfg = Release|ARM
		{DA35411F-9A0A-4E88-94D7-CA51C2628EFA}.Ad-Hoc|ARM.Build.0 = Release|ARM
		{DA35411F-9A0A-4E88-94D7-CA51C2628EFA}.Ad-Hoc|ARM.Deploy.0 = Release|ARM
		{DA35411F-9A0A-4E88-94D7-CA51C2628EFA}.Ad-Hoc|iPhone.ActiveCfg = Release|x86
		{DA35411F-9A0A-4E88-94D7-CA51C2628EFA}.Ad-Hoc|iPhone.Build.0 = Release|x86
		{DA35411F-9A0A-4E88-94D7-CA51C2628EFA}.Ad-Hoc|iPhone.Deploy.0 = Release|x86
		{DA35411F-9A0A-4E88-94D7-CA51C2628EFA}.Ad-Hoc|iPhoneSimulator.ActiveCfg = Release|x86
		{DA35411F-9A0A-4E88-94D7-CA51C2628EFA}.Ad-Hoc|iPhoneSimulator.Build.0 = Release|x86
		{DA35411F-9A0A-4E88-94D7-CA51C2628EFA}.Ad-Hoc|iPhoneSimulator.Deploy.0 = Release|x86
		{DA35411F-9A0A-4E88-94D7-CA51C2628EFA}.Ad-Hoc|x64.ActiveCfg = Release|x64
		{DA35411F-9A0A-4E88-94D7-CA51C2628EFA}.Ad-Hoc|x64.Build.0 = Release|x64
		{DA35411F-9A0A-4E88-94D7-CA51C2628EFA}.Ad-Hoc|x64.Deploy.0 = Release|x64
		{DA35411F-9A0A-4E88-94D7-CA51C2628EFA}.Ad-Hoc|x86.ActiveCfg = Release|x86
		{DA35411F-9A0A-4E88-94D7-CA51C2628EFA}.Ad-Hoc|x86.Build.0 = Release|x86
		{DA35411F-9A0A-4E88-94D7-CA51C2628EFA}.Ad-Hoc|x86.Deploy.0 = Release|x86
		{DA35411F-9A0A-4E88-94D7-CA51C2628EFA}.AppStore|Any CPU.ActiveCfg = Release|x86
		{DA35411F-9A0A-4E88-94D7-CA51C2628EFA}.AppStore|Any CPU.Build.0 = Release|x86
		{DA35411F-9A0A-4E88-94D7-CA51C2628EFA}.AppStore|Any CPU.Deploy.0 = Release|x86
		{DA35411F-9A0A-4E88-94D7-CA51C2628EFA}.AppStore|ARM.ActiveCfg = Release|ARM
		{DA35411F-9A0A-4E88-94D7-CA51C2628EFA}.AppStore|ARM.Build.0 = Release|ARM
		{DA35411F-9A0A-4E88-94D7-CA51C2628EFA}.AppStore|ARM.Deploy.0 = Release|ARM
		{DA35411F-9A0A-4E88-94D7-CA51C2628EFA}.AppStore|iPhone.ActiveCfg = Release|x86
		{DA35411F-9A0A-4E88-94D7-CA51C2628EFA}.AppStore|iPhone.Build.0 = Release|x86
		{DA35411F-9A0A-4E88-94D7-CA51C2628EFA}.AppStore|iPhone.Deploy.0 = Release|x86
		{DA35411F-9A0A-4E88-94D7-CA51C2628EFA}.AppStore|iPhoneSimulator.ActiveCfg = Release|x86
		{DA35411F-9A0A-4E88-94D7-CA51C2628EFA}.AppStore|iPhoneSimulator.Build.0 = Release|x86
		{DA35411F-9A0A-4E88-94D7-CA51C2628EFA}.AppStore|iPhoneSimulator.Deploy.0 = Release|x86
		{DA35411F-9A0A-4E88-94D7-CA51C2628EFA}.AppStore|x64.ActiveCfg = Release|x64
		{DA35411F-9A0A-4E88-94D7-CA51C2628EFA}.AppStore|x64.Build.0 = Release|x64
		{DA35411F-9A0A-4E88-94D7-CA51C2628EFA}.AppStore|x64.Deploy.0 = Release|x64
		{DA35411F-9A0A-4E88-94D7-CA51C2628EFA}.AppStore|x86.ActiveCfg = Release|x86
		{DA35411F-9A0A-4E88-94D7-CA51C2628EFA}.AppStore|x86.Build.0 = Release|x86
		{DA35411F-9A0A-4E88-94D7-CA51C2628EFA}.AppStore|x86.Deploy.0 = Release|x86
		{DA35411F-9A0A-4E88-94D7-CA51C2628EFA}.Debug|Any CPU.ActiveCfg = Debug|x86
		{DA35411F-9A0A-4E88-94D7-CA51C2628EFA}.Debug|ARM.ActiveCfg = Debug|ARM
		{DA35411F-9A0A-4E88-94D7-CA51C2628EFA}.Debug|ARM.Build.0 = Debug|ARM
		{DA35411F-9A0A-4E88-94D7-CA51C2628EFA}.Debug|ARM.Deploy.0 = Debug|ARM
		{DA35411F-9A0A-4E88-94D7-CA51C2628EFA}.Debug|iPhone.ActiveCfg = Debug|x86
		{DA35411F-9A0A-4E88-94D7-CA51C2628EFA}.Debug|iPhoneSimulator.ActiveCfg = Debug|x86
		{DA35411F-9A0A-4E88-94D7-CA51C2628EFA}.Debug|x64.ActiveCfg = Debug|x64
		{DA35411F-9A0A-4E88-94D7-CA51C2628EFA}.Debug|x64.Build.0 = Debug|x64
		{DA35411F-9A0A-4E88-94D7-CA51C2628EFA}.Debug|x64.Deploy.0 = Debug|x64
		{DA35411F-9A0A-4E88-94D7-CA51C2628EFA}.Debug|x86.ActiveCfg = Debug|x86
		{DA35411F-9A0A-4E88-94D7-CA51C2628EFA}.Debug|x86.Build.0 = Debug|x86
		{DA35411F-9A0A-4E88-94D7-CA51C2628EFA}.Debug|x86.Deploy.0 = Debug|x86
		{DA35411F-9A0A-4E88-94D7-CA51C2628EFA}.Release|Any CPU.ActiveCfg = Release|x86
		{DA35411F-9A0A-4E88-94D7-CA51C2628EFA}.Release|ARM.ActiveCfg = Release|ARM
		{DA35411F-9A0A-4E88-94D7-CA51C2628EFA}.Release|ARM.Build.0 = Release|ARM
		{DA35411F-9A0A-4E88-94D7-CA51C2628EFA}.Release|ARM.Deploy.0 = Release|ARM
		{DA35411F-9A0A-4E88-94D7-CA51C2628EFA}.Release|iPhone.ActiveCfg = Release|x86
		{DA35411F-9A0A-4E88-94D7-CA51C2628EFA}.Release|iPhoneSimulator.ActiveCfg = Release|x86
		{DA35411F-9A0A-4E88-94D7-CA51C2628EFA}.Release|x64.ActiveCfg = Release|x64
		{DA35411F-9A0A-4E88-94D7-CA51C2628EFA}.Release|x64.Build.0 = Release|x64
		{DA35411F-9A0A-4E88-94D7-CA51C2628EFA}.Release|x64.Deploy.0 = Release|x64
		{DA35411F-9A0A-4E88-94D7-CA51C2628EFA}.Release|x86.ActiveCfg = Release|x86
		{DA35411F-9A0A-4E88-94D7-CA51C2628EFA}.Release|x86.Build.0 = Release|x86
		{DA35411F-9A0A-4E88-94D7-CA51C2628EFA}.Release|x86.Deploy.0 = Release|x86
		{31A38A14-5B83-46CE-A051-2EC9DF056EF2}.Ad-Hoc|Any CPU.ActiveCfg = Ad-Hoc|iPhone
		{31A38A14-5B83-46CE-A051-2EC9DF056EF2}.Ad-Hoc|ARM.ActiveCfg = Ad-Hoc|iPhone
		{31A38A14-5B83-46CE-A051-2EC9DF056EF2}.Ad-Hoc|iPhone.ActiveCfg = Ad-Hoc|iPhone
		{31A38A14-5B83-46CE-A051-2EC9DF056EF2}.Ad-Hoc|iPhone.Build.0 = Ad-Hoc|iPhone
		{31A38A14-5B83-46CE-A051-2EC9DF056EF2}.Ad-Hoc|iPhoneSimulator.ActiveCfg = Ad-Hoc|iPhoneSimulator
		{31A38A14-5B83-46CE-A051-2EC9DF056EF2}.Ad-Hoc|iPhoneSimulator.Build.0 = Ad-Hoc|iPhoneSimulator
		{31A38A14-5B83-46CE-A051-2EC9DF056EF2}.Ad-Hoc|x64.ActiveCfg = Ad-Hoc|iPhone
		{31A38A14-5B83-46CE-A051-2EC9DF056EF2}.Ad-Hoc|x86.ActiveCfg = Ad-Hoc|iPhone
		{31A38A14-5B83-46CE-A051-2EC9DF056EF2}.AppStore|Any CPU.ActiveCfg = AppStore|iPhone
		{31A38A14-5B83-46CE-A051-2EC9DF056EF2}.AppStore|ARM.ActiveCfg = AppStore|iPhone
		{31A38A14-5B83-46CE-A051-2EC9DF056EF2}.AppStore|iPhone.ActiveCfg = AppStore|iPhone
		{31A38A14-5B83-46CE-A051-2EC9DF056EF2}.AppStore|iPhone.Build.0 = AppStore|iPhone
		{31A38A14-5B83-46CE-A051-2EC9DF056EF2}.AppStore|iPhoneSimulator.ActiveCfg = AppStore|iPhoneSimulator
		{31A38A14-5B83-46CE-A051-2EC9DF056EF2}.AppStore|iPhoneSimulator.Build.0 = AppStore|iPhoneSimulator
		{31A38A14-5B83-46CE-A051-2EC9DF056EF2}.AppStore|x64.ActiveCfg = AppStore|iPhone
		{31A38A14-5B83-46CE-A051-2EC9DF056EF2}.AppStore|x86.ActiveCfg = AppStore|iPhone
		{31A38A14-5B83-46CE-A051-2EC9DF056EF2}.Debug|Any CPU.ActiveCfg = Debug|iPhone
		{31A38A14-5B83-46CE-A051-2EC9DF056EF2}.Debug|ARM.ActiveCfg = Debug|iPhone
		{31A38A14-5B83-46CE-A051-2EC9DF056EF2}.Debug|iPhone.ActiveCfg = Debug|iPhone
		{31A38A14-5B83-46CE-A051-2EC9DF056EF2}.Debug|iPhone.Build.0 = Debug|iPhone
		{31A38A14-5B83-46CE-A051-2EC9DF056EF2}.Debug|iPhoneSimulator.ActiveCfg = Debug|iPhoneSimulator
		{31A38A14-5B83-46CE-A051-2EC9DF056EF2}.Debug|iPhoneSimulator.Build.0 = Debug|iPhoneSimulator
		{31A38A14-5B83-46CE-A051-2EC9DF056EF2}.Debug|x64.ActiveCfg = Debug|iPhone
		{31A38A14-5B83-46CE-A051-2EC9DF056EF2}.Debug|x86.ActiveCfg = Debug|iPhone
		{31A38A14-5B83-46CE-A051-2EC9DF056EF2}.Release|Any CPU.ActiveCfg = Release|iPhone
		{31A38A14-5B83-46CE-A051-2EC9DF056EF2}.Release|ARM.ActiveCfg = Release|iPhone
		{31A38A14-5B83-46CE-A051-2EC9DF056EF2}.Release|iPhone.ActiveCfg = Release|iPhone
		{31A38A14-5B83-46CE-A051-2EC9DF056EF2}.Release|iPhone.Build.0 = Release|iPhone
		{31A38A14-5B83-46CE-A051-2EC9DF056EF2}.Release|iPhoneSimulator.ActiveCfg = Release|iPhoneSimulator
		{31A38A14-5B83-46CE-A051-2EC9DF056EF2}.Release|iPhoneSimulator.Build.0 = Release|iPhoneSimulator
		{31A38A14-5B83-46CE-A051-2EC9DF056EF2}.Release|x64.ActiveCfg = Release|iPhone
		{31A38A14-5B83-46CE-A051-2EC9DF056EF2}.Release|x86.ActiveCfg = Release|iPhone
	EndGlobalSection
	GlobalSection(SolutionProperties) = preSolution
		HideSolutionNode = FALSE
	EndGlobalSection
EndGlobal
